
Microsoft Visual Studio Solution File, Format Version 12.00
# Visual Studio Version 16
VisualStudioVersion = 16.0.33328.57
MinimumVisualStudioVersion = 10.0.40219.1
Project("{FAE04EC0-301F-11D3-BF4B-00C04F79EFBC}") = "StudyCase", "StudyCase\StudyCase.csproj", "{4BFF0FEC-8F2C-4518-A68F-5B8C0BBCBA72}"
EndProject
Global
	GlobalSection(SolutionConfigurationPlatforms) = preSolution
		Debug|Any CPU = Debug|Any CPU
		Release|Any CPU = Release|Any CPU
	EndGlobalSection
	GlobalSection(ProjectConfigurationPlatforms) = postSolution
		{4BFF0FEC-8F2C-4518-A68F-5B8C0BBCBA72}.Debug|Any CPU.ActiveCfg = Debug|Any CPU
		{4BFF0FEC-8F2C-4518-A68F-5B8C0BBCBA72}.Debug|Any CPU.Build.0 = Debug|Any CPU
		{4BFF0FEC-8F2C-4518-A68F-5B8C0BBCBA72}.Release|Any CPU.ActiveCfg = Release|Any CPU
		{4BFF0FEC-8F2C-4518-A68F-5B8C0BBCBA72}.Release|Any CPU.Build.0 = Release|Any CPU
	EndGlobalSection
	GlobalSection(SolutionProperties) = preSolution
		HideSolutionNode = FALSE
	EndGlobalSection
	GlobalSection(ExtensibilityGlobals) = postSolution
		SolutionGuid = {3630C61C-1121-4FF1-B6E7-91AB14FCD49F}
	EndGlobalSection
EndGlobal
